github.com/deepnoodle-ai/expr v0.0.1 h1:ghJTU+G/HZJHu65p7ADqzraADDqDPtqFIvGampHALY8=
github.com/deepnoodle-ai/expr v0.0.1/go.mod h1:r8tID8fFK38MREnR51KouMmFFENGEuWBheLQbecn+LQ=
github.com/gen0sec/workflow v0.0.0-20260523175025-5091591f62a2 h1:7br7f1IxLcugMCFBL0pCxyI4odLY+ZkhOQxsw9eBAd4=
github.com/gen0sec/workflow v0.0.0-20260523175025-5091591f62a2/go.mod h1:VT/NSgK9NSflMcxwVQDeWnDUTdcrkjXnGClY5VraDYk=
gopkg.in/check.v1 v0.0.0-20161208181325-20d25e280405 h1:yhCVgyC4o1eVCa2tZl7eS0r+SDo693bJlVdllGtEeKM=
gopkg.in/check.v1 v0.0.0-20161208181325-20d25e280405/go.mod h1:Co6ibVJAznAaIkqp8huTwlJQCZ016jof/cbN4VW5Yz0=
gopkg.in/yaml.v3 v3.0.1 h1:fxVm/GzAzEWqLHuvctI91KS9hhNmmWOoWu0XTYJS7CA=
gopkg.in/yaml.v3 v3.0.1/go.mod h1:K4uyk7z7BCEPqu6E+C64Yfv1cQ7kz7rIZviUmN+EgEM=
